
Microsoft Visual Studio Solution File, Format Version 12.00
Project("{FAE04EC0-301F-11D3-BF4B-00C04F79EFBC}") = "ConcurrentWordAnalyzer", "ConcurrentWordAnalyzer.csproj", "{8CA6F8BC-DB62-4DA9-ABA7-7DDCD19167E4}"
EndProject
Project("{FAE04EC0-301F-11D3-BF4B-00C04F79EFBC}") = "ConcurrentWordAnalyzerTests", "ConcurrentWordAnalyzerTests\ConcurrentWordAnalyzerTests.csproj", "{0115F42A-7A78-425D-B0D5-D3FA576CDBED}"
EndProject
Global
	GlobalSection(SolutionConfigurationPlatforms) = preSolution
		Debug|Any CPU = Debug|Any CPU
		Release|Any CPU = Release|Any CPU
	EndGlobalSection
	GlobalSection(ProjectConfigurationPlatforms) = postSolution
		{8CA6F8BC-DB62-4DA9-ABA7-7DDCD19167E4}.Debug|Any CPU.ActiveCfg = Debug|Any CPU
		{8CA6F8BC-DB62-4DA9-ABA7-7DDCD19167E4}.Debug|Any CPU.Build.0 = Debug|Any CPU
		{8CA6F8BC-DB62-4DA9-ABA7-7DDCD19167E4}.Release|Any CPU.ActiveCfg = Release|Any CPU
		{8CA6F8BC-DB62-4DA9-ABA7-7DDCD19167E4}.Release|Any CPU.Build.0 = Release|Any CPU
		{0115F42A-7A78-425D-B0D5-D3FA576CDBED}.Debug|Any CPU.ActiveCfg = Debug|Any CPU
		{0115F42A-7A78-425D-B0D5-D3FA576CDBED}.Debug|Any CPU.Build.0 = Debug|Any CPU
		{0115F42A-7A78-425D-B0D5-D3FA576CDBED}.Release|Any CPU.ActiveCfg = Release|Any CPU
		{0115F42A-7A78-425D-B0D5-D3FA576CDBED}.Release|Any CPU.Build.0 = Release|Any CPU
	EndGlobalSection
EndGlobal
